
Microsoft Visual Studio Solution File, Format Version 12.00
# Visual Studio Version 17
VisualStudioVersion = 17.6.33712.159
MinimumVisualStudioVersion = 10.0.40219.1
Project("{FAE04EC0-301F-11D3-BF4B-00C04F79EFBC}") = "bayram_ali_dursun", "bayram_ali_dursun.csproj", "{90D2F935-EA4C-4884-85AD-C89F4FAC2243}"
EndProject
Global
	GlobalSection(SolutionConfigurationPlatforms) = preSolution
		Debug|Any CPU = Debug|Any CPU
		Release|Any CPU = Release|Any CPU
	EndGlobalSection
	GlobalSection(ProjectConfigurationPlatforms) = postSolution
		{90D2F935-EA4C-4884-85AD-C89F4FAC2243}.Debug|Any CPU.ActiveCfg = Debug|Any CPU
		{90D2F935-EA4C-4884-85AD-C89F4FAC2243}.Debug|Any CPU.Build.0 = Debug|Any CPU
		{90D2F935-EA4C-4884-85AD-C89F4FAC2243}.Release|Any CPU.ActiveCfg = Release|Any CPU
		{90D2F935-EA4C-4884-85AD-C89F4FAC2243}.Release|Any CPU.Build.0 = Release|Any CPU
	EndGlobalSection
	GlobalSection(SolutionProperties) = preSolution
		HideSolutionNode = FALSE
	EndGlobalSection
	GlobalSection(ExtensibilityGlobals) = postSolution
		SolutionGuid = {D16A5EFE-8533-476D-961C-9CB7271997A6}
	EndGlobalSection
EndGlobal
